Microsoft Visual Studio Solution File, Format Version 12.00
# Visual Studio Version 16
VisualStudioVersion = 16.0.30413.136
MinimumVisualStudioVersion = 10.0.40219.1
Project("{9A19103F-16F7-4668-BE54-9A1E7A4F7556}") = "MeliLibTools", "src\MeliLibTools\MeliLibTools.csproj", "{A2DA3E0E-B4E4-4784-8800-98DECFD4C091}"
EndProject
Project("{9A19103F-16F7-4668-BE54-9A1E7A4F7556}") = "MeliLibTools.Test", "src\MeliLibTools.Test\MeliLibTools.Test.csproj", "{19F1DEBC-DE5E-4517-8062-F000CD499087}"
EndProject
Global
	GlobalSection(SolutionConfigurationPlatforms) = preSolution
		Debug|Any CPU = Debug|Any CPU
		Release|Any CPU = Release|Any CPU
	EndGlobalSection
	GlobalSection(ProjectConfigurationPlatforms) = postSolution
		{A2DA3E0E-B4E4-4784-8800-98DECFD4C091}.Debug|Any CPU.ActiveCfg = Debug|Any CPU
		{A2DA3E0E-B4E4-4784-8800-98DECFD4C091}.Debug|Any CPU.Build.0 = Debug|Any CPU
		{A2DA3E0E-B4E4-4784-8800-98DECFD4C091}.Release|Any CPU.ActiveCfg = Release|Any CPU
		{A2DA3E0E-B4E4-4784-8800-98DECFD4C091}.Release|Any CPU.Build.0 = Release|Any CPU
		{19F1DEBC-DE5E-4517-8062-F000CD499087}.Debug|Any CPU.ActiveCfg = Debug|Any CPU
		{19F1DEBC-DE5E-4517-8062-F000CD499087}.Debug|Any CPU.Build.0 = Debug|Any CPU
		{19F1DEBC-DE5E-4517-8062-F000CD499087}.Release|Any CPU.ActiveCfg = Release|Any CPU
		{19F1DEBC-DE5E-4517-8062-F000CD499087}.Release|Any CPU.Build.0 = Release|Any CPU
	EndGlobalSection
	GlobalSection(SolutionProperties) = preSolution
		HideSolutionNode = FALSE
	EndGlobalSection
	GlobalSection(ExtensibilityGlobals) = postSolution
		SolutionGuid = {F1CC4159-6755-4BB5-976D-8DF119BC769E}
	EndGlobalSection
EndGlobal
